
Microsoft Visual Studio Solution File, Format Version 12.00
# Visual Studio Version 16
VisualStudioVersion = 16.0.29102.190
MinimumVisualStudioVersion = 10.0.40219.1
Project("{FAE04EC0-301F-11D3-BF4B-00C04F79EFBC}") = "DigitRecognition", "DigitRecognition\DigitRecognition.csproj", "{9579AF69-5C3A-4B2A-B11C-6BA2FC939AE7}"
EndProject
Project("{FAE04EC0-301F-11D3-BF4B-00C04F79EFBC}") = "LiruAI", "LiruAI\LiruAI.csproj", "{AADA7FB2-5565-4466-9057-A66D3CF15DED}"
EndProject
Global
	GlobalSection(SolutionConfigurationPlatforms) = preSolution
		Debug|Any CPU = Debug|Any CPU
		Release|Any CPU = Release|Any CPU
	EndGlobalSection
	GlobalSection(ProjectConfigurationPlatforms) = postSolution
		{9579AF69-5C3A-4B2A-B11C-6BA2FC939AE7}.Debug|Any CPU.ActiveCfg = Debug|Any CPU
		{9579AF69-5C3A-4B2A-B11C-6BA2FC939AE7}.Debug|Any CPU.Build.0 = Debug|Any CPU
		{9579AF69-5C3A-4B2A-B11C-6BA2FC939AE7}.Release|Any CPU.ActiveCfg = Release|Any CPU
		{9579AF69-5C3A-4B2A-B11C-6BA2FC939AE7}.Release|Any CPU.Build.0 = Release|Any CPU
		{AADA7FB2-5565-4466-9057-A66D3CF15DED}.Debug|Any CPU.ActiveCfg = Debug|Any CPU
		{AADA7FB2-5565-4466-9057-A66D3CF15DED}.Debug|Any CPU.Build.0 = Debug|Any CPU
		{AADA7FB2-5565-4466-9057-A66D3CF15DED}.Release|Any CPU.ActiveCfg = Release|Any CPU
		{AADA7FB2-5565-4466-9057-A66D3CF15DED}.Release|Any CPU.Build.0 = Release|Any CPU
	EndGlobalSection
	GlobalSection(SolutionProperties) = preSolution
		HideSolutionNode = FALSE
	EndGlobalSection
	GlobalSection(ExtensibilityGlobals) = postSolution
		SolutionGuid = {BB5AD64F-60CA-4675-ABBB-26992DEB040E}
	EndGlobalSection
EndGlobal
